
Microsoft Visual Studio Solution File, Format Version 12.00
# Visual Studio 15
VisualStudioVersion = 15.0.28010.2019
MinimumVisualStudioVersion = 10.0.40219.1
Project("{9A19103F-16F7-4668-BE54-9A1E7A4F7556}") = "Hayna.AlumniProfileEntries.Web", "Hayna.AlumniProfileEntries.Web\Hayna.AlumniProfileEntries.Web.csproj", "{D59E971A-0171-41DC-99AF-6ECF890F64C4}"
EndProject
Global
	GlobalSection(SolutionConfigurationPlatforms) = preSolution
		Debug|Any CPU = Debug|Any CPU
		Release|Any CPU = Release|Any CPU
	EndGlobalSection
	GlobalSection(ProjectConfigurationPlatforms) = postSolution
		{D59E971A-0171-41DC-99AF-6ECF890F64C4}.Debug|Any CPU.ActiveCfg = Debug|Any CPU
		{D59E971A-0171-41DC-99AF-6ECF890F64C4}.Debug|Any CPU.Build.0 = Debug|Any CPU
		{D59E971A-0171-41DC-99AF-6ECF890F64C4}.Release|Any CPU.ActiveCfg = Release|Any CPU
		{D59E971A-0171-41DC-99AF-6ECF890F64C4}.Release|Any CPU.Build.0 = Release|Any CPU
	EndGlobalSection
	GlobalSection(SolutionProperties) = preSolution
		HideSolutionNode = FALSE
	EndGlobalSection
	GlobalSection(ExtensibilityGlobals) = postSolution
		SolutionGuid = {48D7F6A7-71DE-469A-A7C7-B804119A0B5A}
	EndGlobalSection
EndGlobal
